// !$*UTF8*$!
{
	archiveVersion = 1;
	classes = {
	};
	objectVersion = 50;
	objects = {

/* Begin PBXBuildFile section */
		07207EEF256B9CD7002DDC67 /* SignInWithGitHubView.swift in Sources */ = {isa = PBXBuildFile; fileRef = 07207EEE256B9CD7002DDC67 /* SignInWithGitHubView.swift */; };
		07215537256F9C57001B73AF /* AllowedEventTypesView.swift in Sources */ = {isa = PBXBuildFile; fileRef = 07215536256F9C57001B73AF /* AllowedEventTypesView.swift */; };
		07215549256FA945001B73AF /* CTAButton.swift in Sources */ = {isa = PBXBuildFile; fileRef = 07215548256FA945001B73AF /* CTAButton.swift */; };
		07215552256FA98D001B73AF /* AuthorizeAppView.swift in Sources */ = {isa = PBXBuildFile; fileRef = 07215551256FA98D001B73AF /* AuthorizeAppView.swift */; };
		072E2B282564CDBE00035051 /* Tests_iOS.swift in Sources */ = {isa = PBXBuildFile; fileRef = 072E2B272564CDBE00035051 /* Tests_iOS.swift */; };
		072E2B352564CDBE00035051 /* Push_RequestApp.swift in Sources */ = {isa = PBXBuildFile; fileRef = 072E2B0C2564CDBB00035051 /* Push_RequestApp.swift */; };
		072E2B372564CDBE00035051 /* ContentView.swift in Sources */ = {isa = PBXBuildFile; fileRef = 072E2B0D2564CDBB00035051 /* ContentView.swift */; };
		072E2B392564CDBE00035051 /* Assets.xcassets in Resources */ = {isa = PBXBuildFile; fileRef = 072E2B0E2564CDBE00035051 /* Assets.xcassets */; };
		072E2B4F2564CEB200035051 /* AuthenticationService.swift in Sources */ = {isa = PBXBuildFile; fileRef = 072E2B4E2564CEB200035051 /* AuthenticationService.swift */; };
		072E2B5A2564D28300035051 /* Configuration.swift in Sources */ = {isa = PBXBuildFile; fileRef = 072E2B592564D28300035051 /* Configuration.swift */; };
		072E2B6C2564E2B300035051 /* URL+Extensions.swift in Sources */ = {isa = PBXBuildFile; fileRef = 072E2B6B2564E2B300035051 /* URL+Extensions.swift */; };
		072E2B7E2564E89200035051 /* GithubUser.swift in Sources */ = {isa = PBXBuildFile; fileRef = 072E2B7D2564E89200035051 /* GithubUser.swift */; };
		072E2B852564EA4400035051 /* WebhookUser.swift in Sources */ = {isa = PBXBuildFile; fileRef = 072E2B842564EA4400035051 /* WebhookUser.swift */; };
		072E2B8C2564EAF100035051 /* WebhookService.swift in Sources */ = {isa = PBXBuildFile; fileRef = 072E2B8B2564EAF100035051 /* WebhookService.swift */; };
		074CA6D7256627C5004E57EF /* Color+Extensions.swift in Sources */ = {isa = PBXBuildFile; fileRef = 074CA6D6256627C5004E57EF /* Color+Extensions.swift */; };
		079895CE257B829F00CF25D7 /* WebhookProvider.swift in Sources */ = {isa = PBXBuildFile; fileRef = 079895CD257B829F00CF25D7 /* WebhookProvider.swift */; };
		079895D3257B885B00CF25D7 /* AuthenticationProvider.swift in Sources */ = {isa = PBXBuildFile; fileRef = 079895D2257B885B00CF25D7 /* AuthenticationProvider.swift */; };
		079895D8257B898E00CF25D7 /* GithubProvider.swift in Sources */ = {isa = PBXBuildFile; fileRef = 079895D7257B898E00CF25D7 /* GithubProvider.swift */; };
		079895E1257BFD3200CF25D7 /* EventController.swift in Sources */ = {isa = PBXBuildFile; fileRef = 079895E0257BFD3200CF25D7 /* EventController.swift */; };
		079895E2257BFD3200CF25D7 /* EventController.swift in Sources */ = {isa = PBXBuildFile; fileRef = 079895E0257BFD3200CF25D7 /* EventController.swift */; };
		07F90001256A276D00A75A84 /* iOS_Widget.swift in Sources */ = {isa = PBXBuildFile; fileRef = 07F90000256A276D00A75A84 /* iOS_Widget.swift */; };
		07F90003256A277000A75A84 /* Assets.xcassets in Resources */ = {isa = PBXBuildFile; fileRef = 07F90002256A277000A75A84 /* Assets.xcassets */; };
		07F90007256A277000A75A84 /* iOS WidgetExtension.appex in Embed App Extensions */ = {isa = PBXBuildFile; fileRef = 07F9FFF9256A276D00A75A84 /* iOS WidgetExtension.appex */; settings = {ATTRIBUTES = (RemoveHeadersOnCopy, ); }; };
		07F90018256A27F500A75A84 /* UserDefaults+Extensions.swift in Sources */ = {isa = PBXBuildFile; fileRef = 07F90017256A27F500A75A84 /* UserDefaults+Extensions.swift */; };
		07F9001F256A28AC00A75A84 /* WebhookUser.swift in Sources */ = {isa = PBXBuildFile; fileRef = 072E2B842564EA4400035051 /* WebhookUser.swift */; };
		07F90025256A297A00A75A84 /* UserDefaults+Extensions.swift in Sources */ = {isa = PBXBuildFile; fileRef = 07F90017256A27F500A75A84 /* UserDefaults+Extensions.swift */; };
		07F90046256A7AB200A75A84 /* Color+Extensions.swift in Sources */ = {isa = PBXBuildFile; fileRef = 074CA6D6256627C5004E57EF /* Color+Extensions.swift */; };
		07F9FFEF256A1BE800A75A84 /* GitHubService.swift in Sources */ = {isa = PBXBuildFile; fileRef = 07F9FFEE256A1BE800A75A84 /* GitHubService.swift */; };
		07F9FFFC256A276D00A75A84 /* WidgetKit.framework in Frameworks */ = {isa = PBXBuildFile; fileRef = 07F9FFFB256A276D00A75A84 /* WidgetKit.framework */; };
		07F9FFFE256A276D00A75A84 /* SwiftUI.framework in Frameworks */ = {isa = PBXBuildFile; fileRef = 07F9FFFD256A276D00A75A84 /* SwiftUI.framework */; };
/* End PBXBuildFile section */

/* Begin PBXContainerItemProxy section */
		072E2B242564CDBE00035051 /* PBXContainerItemProxy */ = {
			isa = PBXContainerItemProxy;
			containerPortal = 072E2B072564CDBB00035051 /* Project object */;
			proxyType = 1;
			remoteGlobalIDString = 072E2B122564CDBE00035051;
			remoteInfo = "Push Request (iOS)";
		};
		07F90005256A277000A75A84 /* PBXContainerItemProxy */ = {
			isa = PBXContainerItemProxy;
			containerPortal = 072E2B072564CDBB00035051 /* Project object */;
			proxyType = 1;
			remoteGlobalIDString = 07F9FFF8256A276D00A75A84;
			remoteInfo = "iOS WidgetExtension";
		};
/* End PBXContainerItemProxy section */

/* Begin PBXCopyFilesBuildPhase section */
		07F9000B256A277000A75A84 /* Embed App Extensions */ = {
			isa = PBXCopyFilesBuildPhase;
			buildActionMask = 2147483647;
			dstPath = "";
			dstSubfolderSpec = 13;
			files = (
				07F90007256A277000A75A84 /* iOS WidgetExtension.appex in Embed App Extensions */,
			);
			name = "Embed App Extensions";
			runOnlyForDeploymentPostprocessing = 0;
		};
/* End PBXCopyFilesBuildPhase section */

/* Begin PBXFileReference section */
		07207EEE256B9CD7002DDC67 /* SignInWithGitHubView.swift */ = {isa = PBXFileReference; lastKnownFileType = sourcecode.swift; path = SignInWithGitHubView.swift; sourceTree = "<group>"; };
		07215536256F9C57001B73AF /* AllowedEventTypesView.swift */ = {isa = PBXFileReference; lastKnownFileType = sourcecode.swift; path = AllowedEventTypesView.swift; sourceTree = "<group>"; };
		07215548256FA945001B73AF /* CTAButton.swift */ = {isa = PBXFileReference; lastKnownFileType = sourcecode.swift; path = CTAButton.swift; sourceTree = "<group>"; };
		07215551256FA98D001B73AF /* AuthorizeAppView.swift */ = {isa = PBXFileReference; lastKnownFileType = sourcecode.swift; path = AuthorizeAppView.swift; sourceTree = "<group>"; };
		072E2B0C2564CDBB00035051 /* Push_RequestApp.swift */ = {isa = PBXFileReference; lastKnownFileType = sourcecode.swift; path = Push_RequestApp.swift; sourceTree = "<group>"; };
		072E2B0D2564CDBB00035051 /* ContentView.swift */ = {isa = PBXFileReference; lastKnownFileType = sourcecode.swift; path = ContentView.swift; sourceTree = "<group>"; };
		072E2B0E2564CDBE00035051 /* Assets.xcassets */ = {isa = PBXFileReference; lastKnownFileType = folder.assetcatalog; path = Assets.xcassets; sourceTree = "<group>"; };
		072E2B132564CDBE00035051 /* Push Request.app */ = {isa = PBXFileReference; explicitFileType = wrapper.application; includeInIndex = 0; path = "Push Request.app"; sourceTree = BUILT_PRODUCTS_DIR; };
		072E2B162564CDBE00035051 /* Info.plist */ = {isa = PBXFileReference; lastKnownFileType = text.plist.xml; path = Info.plist; sourceTree = "<group>"; };
		072E2B232564CDBE00035051 /* Tests iOS.xctest */ = {isa = PBXFileReference; explicitFileType = wrapper.cfbundle; includeInIndex = 0; path = "Tests iOS.xctest"; sourceTree = BUILT_PRODUCTS_DIR; };
		072E2B272564CDBE00035051 /* Tests_iOS.swift */ = {isa = PBXFileReference; lastKnownFileType = sourcecode.swift; path = Tests_iOS.swift; sourceTree = "<group>"; };
		072E2B292564CDBE00035051 /* Info.plist */ = {isa = PBXFileReference; lastKnownFileType = text.plist.xml; path = Info.plist; sourceTree = "<group>"; };
		072E2B4D2564CE1400035051 /* Push Request.entitlements */ = {isa = PBXFileReference; lastKnownFileType = text.plist.entitlements; path = "Push Request.entitlements"; sourceTree = "<group>"; };
		072E2B4E2564CEB200035051 /* AuthenticationService.swift */ = {isa = PBXFileReference; lastKnownFileType = sourcecode.swift; path = AuthenticationService.swift; sourceTree = "<group>"; };
		072E2B592564D28300035051 /* Configuration.swift */ = {isa = PBXFileReference; lastKnownFileType = sourcecode.swift; path = Configuration.swift; sourceTree = "<group>"; };
		072E2B6B2564E2B300035051 /* URL+Extensions.swift */ = {isa = PBXFileReference; lastKnownFileType = sourcecode.swift; path = "URL+Extensions.swift"; sourceTree = "<group>"; };
		072E2B7D2564E89200035051 /* GithubUser.swift */ = {isa = PBXFileReference; lastKnownFileType = sourcecode.swift; path = GithubUser.swift; sourceTree = "<group>"; };
		072E2B842564EA4400035051 /* WebhookUser.swift */ = {isa = PBXFileReference; lastKnownFileType = sourcecode.swift; path = WebhookUser.swift; sourceTree = "<group>"; };
		072E2B8B2564EAF100035051 /* WebhookService.swift */ = {isa = PBXFileReference; lastKnownFileType = sourcecode.swift; path = WebhookService.swift; sourceTree = "<group>"; };
		074CA6D6256627C5004E57EF /* Color+Extensions.swift */ = {isa = PBXFileReference; lastKnownFileType = sourcecode.swift; path = "Color+Extensions.swift"; sourceTree = "<group>"; };
		079895CD257B829F00CF25D7 /* WebhookProvider.swift */ = {isa = PBXFileReference; lastKnownFileType = sourcecode.swift; path = WebhookProvider.swift; sourceTree = "<group>"; };
		079895D2257B885B00CF25D7 /* AuthenticationProvider.swift */ = {isa = PBXFileReference; lastKnownFileType = sourcecode.swift; path = AuthenticationProvider.swift; sourceTree = "<group>"; };
		079895D7257B898E00CF25D7 /* GithubProvider.swift */ = {isa = PBXFileReference; lastKnownFileType = sourcecode.swift; path = GithubProvider.swift; sourceTree = "<group>"; };
		079895E0257BFD3200CF25D7 /* EventController.swift */ = {isa = PBXFileReference; lastKnownFileType = sourcecode.swift; path = EventController.swift; sourceTree = "<group>"; };
		07F90000256A276D00A75A84 /* iOS_Widget.swift */ = {isa = PBXFileReference; lastKnownFileType = sourcecode.swift; path = iOS_Widget.swift; sourceTree = "<group>"; };
		07F90002256A277000A75A84 /* Assets.xcassets */ = {isa = PBXFileReference; lastKnownFileType = folder.assetcatalog; path = Assets.xcassets; sourceTree = "<group>"; };
		07F90004256A277000A75A84 /* Info.plist */ = {isa = PBXFileReference; lastKnownFileType = text.plist.xml; path = Info.plist; sourceTree = "<group>"; };
		07F90011256A27D300A75A84 /* iOS WidgetExtension.entitlements */ = {isa = PBXFileReference; lastKnownFileType = text.plist.entitlements; path = "iOS WidgetExtension.entitlements"; sourceTree = "<group>"; };
		07F90017256A27F500A75A84 /* UserDefaults+Extensions.swift */ = {isa = PBXFileReference; lastKnownFileType = sourcecode.swift; path = "UserDefaults+Extensions.swift"; sourceTree = "<group>"; };
		07F9FFEE256A1BE800A75A84 /* GitHubService.swift */ = {isa = PBXFileReference; lastKnownFileType = sourcecode.swift; path = GitHubService.swift; sourceTree = "<group>"; };
		07F9FFF9256A276D00A75A84 /* iOS WidgetExtension.appex */ = {isa = PBXFileReference; explicitFileType = "wrapper.app-extension"; includeInIndex = 0; path = "iOS WidgetExtension.appex"; sourceTree = BUILT_PRODUCTS_DIR; };
		07F9FFFB256A276D00A75A84 /* WidgetKit.framework */ = {isa = PBXFileReference; lastKnownFileType = wrapper.framework; name = WidgetKit.framework; path = System/Library/Frameworks/WidgetKit.framework; sourceTree = SDKROOT; };
		07F9FFFD256A276D00A75A84 /* SwiftUI.framework */ = {isa = PBXFileReference; lastKnownFileType = wrapper.framework; name = SwiftUI.framework; path = System/Library/Frameworks/SwiftUI.framework; sourceTree = SDKROOT; };
/* End PBXFileReference section */

/* Begin PBXFrameworksBuildPhase section */
		072E2B102564CDBE00035051 /* Frameworks */ = {
			isa = PBXFrameworksBuildPhase;
			buildActionMask = 2147483647;
			files = (
			);
			runOnlyForDeploymentPostprocessing = 0;
		};
		072E2B202564CDBE00035051 /* Frameworks */ = {
			isa = PBXFrameworksBuildPhase;
			buildActionMask = 2147483647;
			files = (
			);
			runOnlyForDeploymentPostprocessing = 0;
		};
		07F9FFF6256A276D00A75A84 /* Frameworks */ = {
			isa = PBXFrameworksBuildPhase;
			buildActionMask = 2147483647;
			files = (
				07F9FFFE256A276D00A75A84 /* SwiftUI.framework in Frameworks */,
				07F9FFFC256A276D00A75A84 /* WidgetKit.framework in Frameworks */,
			);
			runOnlyForDeploymentPostprocessing = 0;
		};
/* End PBXFrameworksBuildPhase section */

/* Begin PBXGroup section */
		072E2B062564CDBB00035051 = {
			isa = PBXGroup;
			children = (
				07F90011256A27D300A75A84 /* iOS WidgetExtension.entitlements */,
				072E2B4D2564CE1400035051 /* Push Request.entitlements */,
				072E2B0B2564CDBB00035051 /* Shared */,
				072E2B152564CDBE00035051 /* iOS */,
				072E2B262564CDBE00035051 /* Tests iOS */,
				07F9FFFF256A276D00A75A84 /* iOS Widget */,
				07F9FFFA256A276D00A75A84 /* Frameworks */,
				072E2B142564CDBE00035051 /* Products */,
			);
			sourceTree = "<group>";
		};
		072E2B0B2564CDBB00035051 /* Shared */ = {
			isa = PBXGroup;
			children = (
				079895DF257BFD1F00CF25D7 /* Controllers */,
				079895CC257B827200CF25D7 /* Providers */,
				074CA6D5256627B4004E57EF /* Extensions */,
				07D8739D256624860023B547 /* Views */,
				07D8739C2566246D0023B547 /* Models */,
				07D873972566243E0023B547 /* Services */,
				072E2B0C2564CDBB00035051 /* Push_RequestApp.swift */,
				072E2B0E2564CDBE00035051 /* Assets.xcassets */,
				072E2B592564D28300035051 /* Configuration.swift */,
			);
			path = Shared;
			sourceTree = "<group>";
		};
		072E2B142564CDBE00035051 /* Products */ = {
			isa = PBXGroup;
			children = (
				072E2B132564CDBE00035051 /* Push Request.app */,
				072E2B232564CDBE00035051 /* Tests iOS.xctest */,
				07F9FFF9256A276D00A75A84 /* iOS WidgetExtension.appex */,
			);
			name = Products;
			sourceTree = "<group>";
		};
		072E2B152564CDBE00035051 /* iOS */ = {
			isa = PBXGroup;
			children = (
				072E2B162564CDBE00035051 /* Info.plist */,
			);
			path = iOS;
			sourceTree = "<group>";
		};
		072E2B262564CDBE00035051 /* Tests iOS */ = {
			isa = PBXGroup;
			children = (
				072E2B272564CDBE00035051 /* Tests_iOS.swift */,
				072E2B292564CDBE00035051 /* Info.plist */,
			);
			path = "Tests iOS";
			sourceTree = "<group>";
		};
		074CA6D5256627B4004E57EF /* Extensions */ = {
			isa = PBXGroup;
			children = (
				072E2B6B2564E2B300035051 /* URL+Extensions.swift */,
				074CA6D6256627C5004E57EF /* Color+Extensions.swift */,
				07F90017256A27F500A75A84 /* UserDefaults+Extensions.swift */,
			);
			path = Extensions;
			sourceTree = "<group>";
		};
		079895CC257B827200CF25D7 /* Providers */ = {
			isa = PBXGroup;
			children = (
				079895CD257B829F00CF25D7 /* WebhookProvider.swift */,
				079895D2257B885B00CF25D7 /* AuthenticationProvider.swift */,
				079895D7257B898E00CF25D7 /* GithubProvider.swift */,
			);
			path = Providers;
			sourceTree = "<group>";
		};
		079895DF257BFD1F00CF25D7 /* Controllers */ = {
			isa = PBXGroup;
			children = (
				079895E0257BFD3200CF25D7 /* EventController.swift */,
			);
			path = Controllers;
			sourceTree = "<group>";
		};
		07D873972566243E0023B547 /* Services */ = {
			isa = PBXGroup;
			children = (
				072E2B8B2564EAF100035051 /* WebhookService.swift */,
				072E2B4E2564CEB200035051 /* AuthenticationService.swift */,
				07F9FFEE256A1BE800A75A84 /* GitHubService.swift */,
			);
			path = Services;
			sourceTree = "<group>";
		};
		07D8739C2566246D0023B547 /* Models */ = {
			isa = PBXGroup;
			children = (
				072E2B842564EA4400035051 /* WebhookUser.swift */,
				072E2B7D2564E89200035051 /* GithubUser.swift */,
			);
			path = Models;
			sourceTree = "<group>";
		};
		07D8739D256624860023B547 /* Views */ = {
			isa = PBXGroup;
			children = (
				072E2B0D2564CDBB00035051 /* ContentView.swift */,
				07215536256F9C57001B73AF /* AllowedEventTypesView.swift */,
				07207EEE256B9CD7002DDC67 /* SignInWithGitHubView.swift */,
				07215551256FA98D001B73AF /* AuthorizeAppView.swift */,
				07215548256FA945001B73AF /* CTAButton.swift */,
			);
			path = Views;
			sourceTree = "<group>";
		};
		07F9FFFA256A276D00A75A84 /* Frameworks */ = {
			isa = PBXGroup;
			children = (
				07F9FFFB256A276D00A75A84 /* WidgetKit.framework */,
				07F9FFFD256A276D00A75A84 /* SwiftUI.framework */,
			);
			name = Frameworks;
			sourceTree = "<group>";
		};
		07F9FFFF256A276D00A75A84 /* iOS Widget */ = {
			isa = PBXGroup;
			children = (
				07F90000256A276D00A75A84 /* iOS_Widget.swift */,
				07F90002256A277000A75A84 /* Assets.xcassets */,
				07F90004256A277000A75A84 /* Info.plist */,
			);
			path = "iOS Widget";
			sourceTree = "<group>";
		};
/* End PBXGroup section */

/* Begin PBXNativeTarget section */
		072E2B122564CDBE00035051 /* Push Request (iOS) */ = {
			isa = PBXNativeTarget;
			buildConfigurationList = 072E2B3D2564CDBE00035051 /* Build configuration list for PBXNativeTarget "Push Request (iOS)" */;
			buildPhases = (
				072E2B0F2564CDBE00035051 /* Sources */,
				072E2B102564CDBE00035051 /* Frameworks */,
				072E2B112564CDBE00035051 /* Resources */,
				07F9000B256A277000A75A84 /* Embed App Extensions */,
			);
			buildRules = (
			);
			dependencies = (
				07F90006256A277000A75A84 /* PBXTargetDependency */,
			);
			name = "Push Request (iOS)";
			packageProductDependencies = (
			);
			productName = "Push Request (iOS)";
			productReference = 072E2B132564CDBE00035051 /* Push Request.app */;
			productType = "com.apple.product-type.application";
		};
		072E2B222564CDBE00035051 /* Tests iOS */ = {
			isa = PBXNativeTarget;
			buildConfigurationList = 072E2B432564CDBE00035051 /* Build configuration list for PBXNativeTarget "Tests iOS" */;
			buildPhases = (
				072E2B1F2564CDBE00035051 /* Sources */,
				072E2B202564CDBE00035051 /* Frameworks */,
				072E2B212564CDBE00035051 /* Resources */,
			);
			buildRules = (
			);
			dependencies = (
				072E2B252564CDBE00035051 /* PBXTargetDependency */,
			);
			name = "Tests iOS";
			productName = "Tests iOS";
			productReference = 072E2B232564CDBE00035051 /* Tests iOS.xctest */;
			productType = "com.apple.product-type.bundle.ui-testing";
		};
		07F9FFF8256A276D00A75A84 /* iOS WidgetExtension */ = {
			isa = PBXNativeTarget;
			buildConfigurationList = 07F90008256A277000A75A84 /* Build configuration list for PBXNativeTarget "iOS WidgetExtension" */;
			buildPhases = (
				07F9FFF5256A276D00A75A84 /* Sources */,
				07F9FFF6256A276D00A75A84 /* Frameworks */,
				07F9FFF7256A276D00A75A84 /* Resources */,
			);
			buildRules = (
			);
			dependencies = (
			);
			name = "iOS WidgetExtension";
			packageProductDependencies = (
			);
			productName = "iOS WidgetExtension";
			productReference = 07F9FFF9256A276D00A75A84 /* iOS WidgetExtension.appex */;
			productType = "com.apple.product-type.app-extension";
		};
/* End PBXNativeTarget section */

/* Begin PBXProject section */
		072E2B072564CDBB00035051 /* Project object */ = {
			isa = PBXProject;
			attributes = {
				LastSwiftUpdateCheck = 1220;
				LastUpgradeCheck = 1220;
				TargetAttributes = {
					072E2B122564CDBE00035051 = {
						CreatedOnToolsVersion = 12.2;
					};
					072E2B222564CDBE00035051 = {
						CreatedOnToolsVersion = 12.2;
						TestTargetID = 072E2B122564CDBE00035051;
					};
					07F9FFF8256A276D00A75A84 = {
						CreatedOnToolsVersion = 12.2;
					};
				};
			};
			buildConfigurationList = 072E2B0A2564CDBB00035051 /* Build configuration list for PBXProject "Push Request" */;
			compatibilityVersion = "Xcode 9.3";
			developmentRegion = en;
			hasScannedForEncodings = 0;
			knownRegions = (
				en,
				Base,
			);
			mainGroup = 072E2B062564CDBB00035051;
			packageReferences = (
			);
			productRefGroup = 072E2B142564CDBE00035051 /* Products */;
			projectDirPath = "";
			projectRoot = "";
			targets = (
				072E2B122564CDBE00035051 /* Push Request (iOS) */,
				072E2B222564CDBE00035051 /* Tests iOS */,
				07F9FFF8256A276D00A75A84 /* iOS WidgetExtension */,
			);
		};
/* End PBXProject section */

/* Begin PBXResourcesBuildPhase section */
		072E2B112564CDBE00035051 /* Resources */ = {
			isa = PBXResourcesBuildPhase;
			buildActionMask = 2147483647;
			files = (
				072E2B392564CDBE00035051 /* Assets.xcassets in Resources */,
			);
			runOnlyForDeploymentPostprocessing = 0;
		};
		072E2B212564CDBE00035051 /* Resources */ = {
			isa = PBXResourcesBuildPhase;
			buildActionMask = 2147483647;
			files = (
			);
			runOnlyForDeploymentPostprocessing = 0;
		};
		07F9FFF7256A276D00A75A84 /* Resources */ = {
			isa = PBXResourcesBuildPhase;
			buildActionMask = 2147483647;
			files = (
				07F90003256A277000A75A84 /* Assets.xcassets in Resources */,
			);
			runOnlyForDeploymentPostprocessing = 0;
		};
/* End PBXResourcesBuildPhase section */

/* Begin PBXSourcesBuildPhase section */
		072E2B0F2564CDBE00035051 /* Sources */ = {
			isa = PBXSourcesBuildPhase;
			buildActionMask = 2147483647;
			files = (
				07F9FFEF256A1BE800A75A84 /* GitHubService.swift in Sources */,
				072E2B4F2564CEB200035051 /* AuthenticationService.swift in Sources */,
				072E2B8C2564EAF100035051 /* WebhookService.swift in Sources */,
				072E2B5A2564D28300035051 /* Configuration.swift in Sources */,
				07215549256FA945001B73AF /* CTAButton.swift in Sources */,
				072E2B852564EA4400035051 /* WebhookUser.swift in Sources */,
				072E2B6C2564E2B300035051 /* URL+Extensions.swift in Sources */,
				07215552256FA98D001B73AF /* AuthorizeAppView.swift in Sources */,
				072E2B7E2564E89200035051 /* GithubUser.swift in Sources */,
				07207EEF256B9CD7002DDC67 /* SignInWithGitHubView.swift in Sources */,
				079895D8257B898E00CF25D7 /* GithubProvider.swift in Sources */,
				072E2B372564CDBE00035051 /* ContentView.swift in Sources */,
				079895CE257B829F00CF25D7 /* WebhookProvider.swift in Sources */,
				07F90018256A27F500A75A84 /* UserDefaults+Extensions.swift in Sources */,
				074CA6D7256627C5004E57EF /* Color+Extensions.swift in Sources */,
				072E2B352564CDBE00035051 /* Push_RequestApp.swift in Sources */,
				079895D3257B885B00CF25D7 /* AuthenticationProvider.swift in Sources */,
				079895E1257BFD3200CF25D7 /* EventController.swift in Sources */,
				07215537256F9C57001B73AF /* AllowedEventTypesView.swift in Sources */,
			);
			runOnlyForDeploymentPostprocessing = 0;
		};
		072E2B1F2564CDBE00035051 /* Sources */ = {
			isa = PBXSourcesBuildPhase;
			buildActionMask = 2147483647;
			files = (
				072E2B282564CDBE00035051 /* Tests_iOS.swift in Sources */,
			);
			runOnlyForDeploymentPostprocessing = 0;
		};
		07F9FFF5256A276D00A75A84 /* Sources */ = {
			isa = PBXSourcesBuildPhase;
			buildActionMask = 2147483647;
			files = (
				07F9001F256A28AC00A75A84 /* WebhookUser.swift in Sources */,
				07F90025256A297A00A75A84 /* UserDefaults+Extensions.swift in Sources */,
				079895E2257BFD3200CF25D7 /* EventController.swift in Sources */,
				07F90001256A276D00A75A84 /* iOS_Widget.swift in Sources */,
				07F90046256A7AB200A75A84 /* Color+Extensions.swift in Sources */,
			);
			runOnlyForDeploymentPostprocessing = 0;
		};
/* End PBXSourcesBuildPhase section */

/* Begin PBXTargetDependency section */
		072E2B252564CDBE00035051 /* PBXTargetDependency */ = {
			isa = PBXTargetDependency;
			target = 072E2B122564CDBE00035051 /* Push Request (iOS) */;
			targetProxy = 072E2B242564CDBE00035051 /* PBXContainerItemProxy */;
		};
		07F90006256A277000A75A84 /* PBXTargetDependency */ = {
			isa = PBXTargetDependency;
			target = 07F9FFF8256A276D00A75A84 /* iOS WidgetExtension */;
			targetProxy = 07F90005256A277000A75A84 /* PBXContainerItemProxy */;
		};
/* End PBXTargetDependency section */

/* Begin XCBuildConfiguration section */
		072E2B3B2564CDBE00035051 /* Debug */ = {
			isa = XCBuildConfiguration;
			buildSettings = {
				ALWAYS_SEARCH_USER_PATHS = NO;
				CLANG_ANALYZER_NONNULL = YES;
				CLANG_ANALYZER_NUMBER_OBJECT_CONVERSION = YES_AGGRESSIVE;
				CLANG_CXX_LANGUAGE_STANDARD = "gnu++14";
				CLANG_CXX_LIBRARY = "libc++";
				CLANG_ENABLE_MODULES = YES;
				CLANG_ENABLE_OBJC_ARC = YES;
				CLANG_ENABLE_OBJC_WEAK = YES;
				CLANG_WARN_BLOCK_CAPTURE_AUTORELEASING = YES;
				CLANG_WARN_BOOL_CONVERSION = YES;
				CLANG_WARN_COMMA = YES;
				CLANG_WARN_CONSTANT_CONVERSION = YES;
				CLANG_WARN_DEPRECATED_OBJC_IMPLEMENTATIONS = YES;
				CLANG_WARN_DIRECT_OBJC_ISA_USAGE = YES_ERROR;
				CLANG_WARN_DOCUMENTATION_COMMENTS = YES;
				CLANG_WARN_EMPTY_BODY = YES;
				CLANG_WARN_ENUM_CONVERSION = YES;
				CLANG_WARN_INFINITE_RECURSION = YES;
				CLANG_WARN_INT_CONVERSION = YES;
				CLANG_WARN_NON_LITERAL_NULL_CONVERSION = YES;
				CLANG_WARN_OBJC_IMPLICIT_RETAIN_SELF = YES;
				CLANG_WARN_OBJC_LITERAL_CONVERSION = YES;
				CLANG_WARN_OBJC_ROOT_CLASS = YES_ERROR;
				CLANG_WARN_QUOTED_INCLUDE_IN_FRAMEWORK_HEADER = YES;
				CLANG_WARN_RANGE_LOOP_ANALYSIS = YES;
				CLANG_WARN_STRICT_PROTOTYPES = YES;
				CLANG_WARN_SUSPICIOUS_MOVE = YES;
				CLANG_WARN_UNGUARDED_AVAILABILITY = YES_AGGRESSIVE;
				CLANG_WARN_UNREACHABLE_CODE = YES;
				CLANG_WARN__DUPLICATE_METHOD_MATCH = YES;
				COPY_PHASE_STRIP = NO;
				DEBUG_INFORMATION_FORMAT = dwarf;
				ENABLE_STRICT_OBJC_MSGSEND = YES;
				ENABLE_TESTABILITY = YES;
				GCC_C_LANGUAGE_STANDARD = gnu11;
				GCC_DYNAMIC_NO_PIC = NO;
				GCC_NO_COMMON_BLOCKS = YES;
				GCC_OPTIMIZATION_LEVEL = 0;
				GCC_PREPROCESSOR_DEFINITIONS = (
					"DEBUG=1",
					"$(inherited)",
				);
				GCC_WARN_64_TO_32_BIT_CONVERSION = YES;
				GCC_WARN_ABOUT_RETURN_TYPE = YES_ERROR;
				GCC_WARN_UNDECLARED_SELECTOR = YES;
				GCC_WARN_UNINITIALIZED_AUTOS = YES_AGGRESSIVE;
				GCC_WARN_UNUSED_FUNCTION = YES;
				GCC_WARN_UNUSED_VARIABLE = YES;
				IPHONEOS_DEPLOYMENT_TARGET = 14.0;
				MACOSX_DEPLOYMENT_TARGET = 11.0;
				MTL_ENABLE_DEBUG_INFO = INCLUDE_SOURCE;
				MTL_FAST_MATH = YES;
				ONLY_ACTIVE_ARCH = YES;
				SWIFT_ACTIVE_COMPILATION_CONDITIONS = DEBUG;
				SWIFT_OPTIMIZATION_LEVEL = "-Onone";
			};
			name = Debug;
		};
		072E2B3C2564CDBE00035051 /* Release */ = {
			isa = XCBuildConfiguration;
			buildSettings = {
				ALWAYS_SEARCH_USER_PATHS = NO;
				CLANG_ANALYZER_NONNULL = YES;
				CLANG_ANALYZER_NUMBER_OBJECT_CONVERSION = YES_AGGRESSIVE;
				CLANG_CXX_LANGUAGE_STANDARD = "gnu++14";
				CLANG_CXX_LIBRARY = "libc++";
				CLANG_ENABLE_MODULES = YES;
				CLANG_ENABLE_OBJC_ARC = YES;
				CLANG_ENABLE_OBJC_WEAK = YES;
				CLANG_WARN_BLOCK_CAPTURE_AUTORELEASING = YES;
				CLANG_WARN_BOOL_CONVERSION = YES;
				CLANG_WARN_COMMA = YES;
				CLANG_WARN_CONSTANT_CONVERSION = YES;
				CLANG_WARN_DEPRECATED_OBJC_IMPLEMENTATIONS = YES;
				CLANG_WARN_DIRECT_OBJC_ISA_USAGE = YES_ERROR;
				CLANG_WARN_DOCUMENTATION_COMMENTS = YES;
				CLANG_WARN_EMPTY_BODY = YES;
				CLANG_WARN_ENUM_CONVERSION = YES;
				CLANG_WARN_INFINITE_RECURSION = YES;
				CLANG_WARN_INT_CONVERSION = YES;
				CLANG_WARN_NON_LITERAL_NULL_CONVERSION = YES;
				CLANG_WARN_OBJC_IMPLICIT_RETAIN_SELF = YES;
				CLANG_WARN_OBJC_LITERAL_CONVERSION = YES;
				CLANG_WARN_OBJC_ROOT_CLASS = YES_ERROR;
				CLANG_WARN_QUOTED_INCLUDE_IN_FRAMEWORK_HEADER = YES;
				CLANG_WARN_RANGE_LOOP_ANALYSIS = YES;
				CLANG_WARN_STRICT_PROTOTYPES = YES;
				CLANG_WARN_SUSPICIOUS_MOVE = YES;
				CLANG_WARN_UNGUARDED_AVAILABILITY = YES_AGGRESSIVE;
				CLANG_WARN_UNREACHABLE_CODE = YES;
				CLANG_WARN__DUPLICATE_METHOD_MATCH = YES;
				COPY_PHASE_STRIP = NO;
				DEBUG_INFORMATION_FORMAT = "dwarf-with-dsym";
				ENABLE_NS_ASSERTIONS = NO;
				ENABLE_STRICT_OBJC_MSGSEND = YES;
				GCC_C_LANGUAGE_STANDARD = gnu11;
				GCC_NO_COMMON_BLOCKS = YES;
				GCC_WARN_64_TO_32_BIT_CONVERSION = YES;
				GCC_WARN_ABOUT_RETURN_TYPE = YES_ERROR;
				GCC_WARN_UNDECLARED_SELECTOR = YES;
				GCC_WARN_UNINITIALIZED_AUTOS = YES_AGGRESSIVE;
				GCC_WARN_UNUSED_FUNCTION = YES;
				GCC_WARN_UNUSED_VARIABLE = YES;
				IPHONEOS_DEPLOYMENT_TARGET = 14.0;
				MACOSX_DEPLOYMENT_TARGET = 11.0;
				MTL_ENABLE_DEBUG_INFO = NO;
				MTL_FAST_MATH = YES;
				SWIFT_COMPILATION_MODE = wholemodule;
				SWIFT_OPTIMIZATION_LEVEL = "-O";
			};
			name = Release;
		};
		072E2B3E2564CDBE00035051 /* Debug */ = {
			isa = XCBuildConfiguration;
			buildSettings = {
				ALWAYS_EMBED_SWIFT_STANDARD_LIBRARIES = YES;
				ASSETCATALOG_COMPILER_APPICON_NAME = AppIcon;
				ASSETCATALOG_COMPILER_GLOBAL_ACCENT_COLOR_NAME = AccentColor;
				CODE_SIGN_ENTITLEMENTS = "Push Request.entitlements";
				CODE_SIGN_STYLE = Automatic;
				DEVELOPMENT_TEAM = DS63W44KSD;
				ENABLE_PREVIEWS = YES;
				INFOPLIST_FILE = iOS/Info.plist;
				IPHONEOS_DEPLOYMENT_TARGET = 14.0;
				LD_RUNPATH_SEARCH_PATHS = (
					"$(inherited)",
					"@executable_path/Frameworks",
				);
				PRODUCT_BUNDLE_IDENTIFIER = "com.richardrobinson.Push-Request";
				PRODUCT_NAME = "Push Request";
				SDKROOT = iphoneos;
				SWIFT_VERSION = 5.0;
				TARGETED_DEVICE_FAMILY = 1;
			};
			name = Debug;
		};
		072E2B3F2564CDBE00035051 /* Release */ = {
			isa = XCBuildConfiguration;
			buildSettings = {
				ALWAYS_EMBED_SWIFT_STANDARD_LIBRARIES = YES;
				ASSETCATALOG_COMPILER_APPICON_NAME = AppIcon;
				ASSETCATALOG_COMPILER_GLOBAL_ACCENT_COLOR_NAME = AccentColor;
				CODE_SIGN_ENTITLEMENTS = "Push Request.entitlements";
				CODE_SIGN_STYLE = Automatic;
				DEVELOPMENT_TEAM = DS63W44KSD;
				ENABLE_PREVIEWS = YES;
				INFOPLIST_FILE = iOS/Info.plist;
				IPHONEOS_DEPLOYMENT_TARGET = 14.0;
				LD_RUNPATH_SEARCH_PATHS = (
					"$(inherited)",
					"@executable_path/Frameworks",
				);
				PRODUCT_BUNDLE_IDENTIFIER = "com.richardrobinson.Push-Request";
				PRODUCT_NAME = "Push Request";
				SDKROOT = iphoneos;
				SWIFT_VERSION = 5.0;
				TARGETED_DEVICE_FAMILY = 1;
				VALIDATE_PRODUCT = YES;
			};
			name = Release;
		};
		072E2B442564CDBE00035051 /* Debug */ = {
			isa = XCBuildConfiguration;
			buildSettings = {
				ALWAYS_EMBED_SWIFT_STANDARD_LIBRARIES = YES;
				CODE_SIGN_STYLE = Automatic;
				DEVELOPMENT_TEAM = DS63W44KSD;
				INFOPLIST_FILE = "Tests iOS/Info.plist";
				IPHONEOS_DEPLOYMENT_TARGET = 14.2;
				LD_RUNPATH_SEARCH_PATHS = (
					"$(inherited)",
					"@executable_path/Frameworks",
					"@loader_path/Frameworks",
				);
				PRODUCT_BUNDLE_IDENTIFIER = "com.richardrobinson.Tests-iOS";
				PRODUCT_NAME = "$(TARGET_NAME)";
				SDKROOT = iphoneos;
				SWIFT_VERSION = 5.0;
				TARGETED_DEVICE_FAMILY = "1,2";
				TEST_TARGET_NAME = "Push Request (iOS)";
			};
			name = Debug;
		};
		072E2B452564CDBE00035051 /* Release */ = {
			isa = XCBuildConfiguration;
			buildSettings = {
				ALWAYS_EMBED_SWIFT_STANDARD_LIBRARIES = YES;
				CODE_SIGN_STYLE = Automatic;
				DEVELOPMENT_TEAM = DS63W44KSD;
				INFOPLIST_FILE = "Tests iOS/Info.plist";
				IPHONEOS_DEPLOYMENT_TARGET = 14.2;
				LD_RUNPATH_SEARCH_PATHS = (
					"$(inherited)",
					"@executable_path/Frameworks",
					"@loader_path/Frameworks",
				);
				PRODUCT_BUNDLE_IDENTIFIER = "com.richardrobinson.Tests-iOS";
				PRODUCT_NAME = "$(TARGET_NAME)";
				SDKROOT = iphoneos;
				SWIFT_VERSION = 5.0;
				TARGETED_DEVICE_FAMILY = "1,2";
				TEST_TARGET_NAME = "Push Request (iOS)";
				VALIDATE_PRODUCT = YES;
			};
			name = Release;
		};
		07F90009256A277000A75A84 /* Debug */ = {
			isa = XCBuildConfiguration;
			buildSettings = {
				ASSETCATALOG_COMPILER_GLOBAL_ACCENT_COLOR_NAME = AccentColor;
				ASSETCATALOG_COMPILER_WIDGET_BACKGROUND_COLOR_NAME = WidgetBackground;
				CODE_SIGN_ENTITLEMENTS = "iOS WidgetExtension.entitlements";
				CODE_SIGN_STYLE = Automatic;
				DEVELOPMENT_TEAM = DS63W44KSD;
				INFOPLIST_FILE = "iOS Widget/Info.plist";
				IPHONEOS_DEPLOYMENT_TARGET = 14.2;
				LD_RUNPATH_SEARCH_PATHS = (
					"$(inherited)",
					"@executable_path/Frameworks",
					"@executable_path/../../Frameworks",
				);
				PRODUCT_BUNDLE_IDENTIFIER = "com.richardrobinson.Push-Request.iOS-Widget";
				PRODUCT_NAME = "$(TARGET_NAME)";
				SDKROOT = iphoneos;
				SKIP_INSTALL = YES;
				SWIFT_VERSION = 5.0;
				TARGETED_DEVICE_FAMILY = "1,2";
			};
			name = Debug;
		};
		07F9000A256A277000A75A84 /* Release */ = {
			isa = XCBuildConfiguration;
			buildSettings = {
				ASSETCATALOG_COMPILER_GLOBAL_ACCENT_COLOR_NAME = AccentColor;
				ASSETCATALOG_COMPILER_WIDGET_BACKGROUND_COLOR_NAME = WidgetBackground;
				CODE_SIGN_ENTITLEMENTS = "iOS WidgetExtension.entitlements";
				CODE_SIGN_STYLE = Automatic;
				DEVELOPMENT_TEAM = DS63W44KSD;
				INFOPLIST_FILE = "iOS Widget/Info.plist";
				IPHONEOS_DEPLOYMENT_TARGET = 14.2;
				LD_RUNPATH_SEARCH_PATHS = (
					"$(inherited)",
					"@executable_path/Frameworks",
					"@executable_path/../../Frameworks",
				);
				PRODUCT_BUNDLE_IDENTIFIER = "com.richardrobinson.Push-Request.iOS-Widget";
				PRODUCT_NAME = "$(TARGET_NAME)";
				SDKROOT = iphoneos;
				SKIP_INSTALL = YES;
				SWIFT_VERSION = 5.0;
				TARGETED_DEVICE_FAMILY = "1,2";
				VALIDATE_PRODUCT = YES;
			};
			name = Release;
		};
/* End XCBuildConfiguration section */

/* Begin XCConfigurationList section */
		072E2B0A2564CDBB00035051 /* Build configuration list for PBXProject "Push Request" */ = {
			isa = XCConfigurationList;
			buildConfigurations = (
				072E2B3B2564CDBE00035051 /* Debug */,
				072E2B3C2564CDBE00035051 /* Release */,
			);
			defaultConfigurationIsVisible = 0;
			defaultConfigurationName = Release;
		};
		072E2B3D2564CDBE00035051 /* Build configuration list for PBXNativeTarget "Push Request (iOS)" */ = {
			isa = XCConfigurationList;
			buildConfigurations = (
				072E2B3E2564CDBE00035051 /* Debug */,
				072E2B3F2564CDBE00035051 /* Release */,
			);
			defaultConfigurationIsVisible = 0;
			defaultConfigurationName = Release;
		};
		072E2B432564CDBE00035051 /* Build configuration list for PBXNativeTarget "Tests iOS" */ = {
			isa = XCConfigurationList;
			buildConfigurations = (
				072E2B442564CDBE00035051 /* Debug */,
				072E2B452564CDBE00035051 /* Release */,
			);
			defaultConfigurationIsVisible = 0;
			defaultConfigurationName = Release;
		};
		07F90008256A277000A75A84 /* Build configuration list for PBXNativeTarget "iOS WidgetExtension" */ = {
			isa = XCConfigurationList;
			buildConfigurations = (
				07F90009256A277000A75A84 /* Debug */,
				07F9000A256A277000A75A84 /* Release */,
			);
			defaultConfigurationIsVisible = 0;
			defaultConfigurationName = Release;
		};
/* End XCConfigurationList section */
	};
	rootObject = 072E2B072564CDBB00035051 /* Project object */;
}
